#MicroXplorer Configuration settings - do not modify
ADC1.Channel-0\#ChannelRegularConversion=ADC_CHANNEL_0
ADC1.IPParameters=Rank-0\#ChannelRegularConversion,master,Channel-0\#ChannelRegularConversion,SamplingTime-0\#ChannelRegularConversion,NbrOfConversionFlag
ADC1.NbrOfConversionFlag=1
ADC1.Rank-0\#ChannelRegularConversion=1
ADC1.SamplingTime-0\#ChannelRegularConversion=ADC_SAMPLETIME_3CYCLES
ADC1.master=1
CAD.formats=[]
CAD.pinconfig=Dual
CAD.provider=
CAN1.ABOM=DISABLE
CAN1.BS1=CAN_BS1_5TQ
CAN1.BS2=CAN_BS2_2TQ
CAN1.CalculateBaudRate=1000000
CAN1.CalculateTimeBit=1000
CAN1.CalculateTimeQuantum=125.0
CAN1.IPParameters=CalculateTimeQuantum,CalculateTimeBit,CalculateBaudRate,Prescaler,NART,TXFP,ABOM,Mode,BS1,BS2
CAN1.Mode=CAN_MODE_NORMAL
CAN1.NART=DISABLE
CAN1.Prescaler=4
CAN1.TXFP=DISABLE
CAN2.BS1=CAN_BS1_5TQ
CAN2.BS2=CAN_BS2_2TQ
CAN2.CalculateBaudRate=1000000
CAN2.CalculateTimeBit=1000
CAN2.CalculateTimeQuantum=125.0
CAN2.IPParameters=CalculateTimeQuantum,CalculateTimeBit,CalculateBaudRate,Prescaler,NART,BS2,BS1
CAN2.NART=DISABLE
CAN2.Prescaler=4
FREERTOS.FootprintOK=true
FREERTOS.IPParameters=Tasks01,configUSE_PREEMPTION,FootprintOK
FREERTOS.Tasks01=defaultTask,24,128,StartDefaultTask,Default,NULL,Dynamic,NULL,NULL;M3508control,8,128,M3508controlTask,Default,NULL,Dynamic,NULL,NULL;myTest,8,128,myTestTask,Default,NULL,Dynamic,NULL,NULL;M8010control,8,128,M8010controlTask,Default,NULL,Dynamic,NULL,NULL;DS5160_duoji,8,128,DS5160,Default,NULL,Dynamic,NULL,NULL;shoot,8,128,shoot_task,Default,NULL,Dynamic,NULL,NULL;transmit_zero,8,128,transmit_zero_,Default,NULL,Dynamic,NULL,NULL;chuansongdai,8,128,chuansongdai_Task,Default,NULL,Dynamic,NULL,NULL;CCD,8,128,CCDTask,Default,NULL,Dynamic,NULL,NULL;GM6020,8,128,GM6020Task,Default,NULL,Dynamic,NULL,NULL;jiguang,8,128,jiguang_task,Default,NULL,Dynamic,NULL,NULL;IMU,8,128,IMU_TASK,Default,NULL,Dynamic,NULL,NULL
FREERTOS.configUSE_PREEMPTION=1
File.Version=6
GPIO.groupedBy=Group By Peripherals
KeepUserPlacement=false
Mcu.CPN=STM32F427IIH6
Mcu.Family=STM32F4
Mcu.IP0=ADC1
Mcu.IP1=CAN1
Mcu.IP10=UART4
Mcu.IP11=UART7
Mcu.IP12=UART8
Mcu.IP13=USART1
Mcu.IP14=USART2
Mcu.IP15=USART3
Mcu.IP16=USART6
Mcu.IP2=CAN2
Mcu.IP3=FREERTOS
Mcu.IP4=NVIC
Mcu.IP5=RCC
Mcu.IP6=SPI4
Mcu.IP7=SYS
Mcu.IP8=TIM5
Mcu.IP9=TIM8
Mcu.IPNb=17
Mcu.Name=STM32F427I(G-I)Hx
Mcu.Package=UFBGA176
Mcu.Pin0=PE1
Mcu.Pin1=PE0
Mcu.Pin10=PC10
Mcu.Pin11=PI7
Mcu.Pin12=PI6
Mcu.Pin13=PG9
Mcu.Pin14=PD5
Mcu.Pin15=PD1
Mcu.Pin16=PI2
Mcu.Pin17=PI9
Mcu.Pin18=PF0
Mcu.Pin19=PI0
Mcu.Pin2=PG14
Mcu.Pin20=PH2
Mcu.Pin21=PH0/OSC_IN
Mcu.Pin22=PH3
Mcu.Pin23=PH1/OSC_OUT
Mcu.Pin24=PF1
Mcu.Pin25=PH4
Mcu.Pin26=PH5
Mcu.Pin27=PH12
Mcu.Pin28=PH11
Mcu.Pin29=PH10
Mcu.Pin3=PE5
Mcu.Pin30=PD15
Mcu.Pin31=PC0
Mcu.Pin32=PC1
Mcu.Pin33=PC2
Mcu.Pin34=PC3
Mcu.Pin35=PH6
Mcu.Pin36=PD14
Mcu.Pin37=PA1
Mcu.Pin38=PA0/WKUP
Mcu.Pin39=PA4
Mcu.Pin4=PE6
Mcu.Pin40=PC4
Mcu.Pin41=PA2
Mcu.Pin42=PA5
Mcu.Pin43=PC5
Mcu.Pin44=PE8
Mcu.Pin45=PB12
Mcu.Pin46=PB13
Mcu.Pin47=PD9
Mcu.Pin48=PD8
Mcu.Pin49=PA3
Mcu.Pin5=PB7
Mcu.Pin50=PB1
Mcu.Pin51=PE7
Mcu.Pin52=PE12
Mcu.Pin53=VP_FREERTOS_VS_CMSIS_V2
Mcu.Pin54=VP_SYS_VS_Systick
Mcu.Pin6=PB6
Mcu.Pin7=PD6
Mcu.Pin8=PD0
Mcu.Pin9=PC11
Mcu.PinsNb=55
Mcu.ThirdPartyNb=0
Mcu.UserConstants=
Mcu.UserName=STM32F427IIHx
MxCube.Version=6.11.0
MxDb.Version=DB.6.0.110
NVIC.BusFault_IRQn=true\:0\:0\:false\:false\:true\:false\:false\:false\:false
NVIC.CAN1_RX0_IRQn=true\:5\:0\:false\:false\:true\:true\:true\:true\:true
NVIC.CAN1_TX_IRQn=true\:5\:0\:false\:false\:true\:true\:true\:true\:true
NVIC.CAN2_RX1_IRQn=true\:5\:0\:false\:false\:true\:true\:true\:true\:true
NVIC.CAN2_TX_IRQn=true\:5\:0\:false\:false\:true\:true\:true\:true\:true
NVIC.DebugMonitor_IRQn=true\:0\:0\:false\:false\:true\:false\:false\:false\:false
NVIC.EXTI9_5_IRQn=true\:5\:0\:false\:false\:true\:true\:true\:true\:true
NVIC.ForceEnableDMAVector=true
NVIC.HardFault_IRQn=true\:0\:0\:false\:false\:true\:false\:false\:false\:false
NVIC.MemoryManagement_IRQn=true\:0\:0\:false\:false\:true\:false\:false\:false\:false
NVIC.NonMaskableInt_IRQn=true\:0\:0\:false\:false\:true\:false\:false\:false\:false
NVIC.PendSV_IRQn=true\:15\:0\:false\:false\:false\:true\:false\:false\:false
NVIC.PriorityGroup=NVIC_PRIORITYGROUP_4
NVIC.SVCall_IRQn=true\:0\:0\:false\:false\:false\:false\:false\:false\:false
NVIC.SavedPendsvIrqHandlerGenerated=true
NVIC.SavedSvcallIrqHandlerGenerated=true
NVIC.SavedSystickIrqHandlerGenerated=true
NVIC.SysTick_IRQn=true\:15\:0\:false\:false\:true\:true\:false\:true\:false
NVIC.UART4_IRQn=true\:5\:0\:false\:false\:true\:true\:true\:true\:true
NVIC.UART7_IRQn=true\:5\:0\:false\:false\:true\:true\:true\:true\:true
NVIC.UART8_IRQn=true\:5\:0\:false\:false\:true\:true\:true\:true\:true
NVIC.USART1_IRQn=true\:5\:0\:false\:false\:true\:true\:true\:true\:true
NVIC.USART2_IRQn=true\:5\:0\:false\:false\:true\:true\:true\:true\:true
NVIC.USART3_IRQn=true\:5\:0\:false\:false\:true\:true\:true\:true\:true
NVIC.USART6_IRQn=true\:5\:0\:false\:false\:true\:true\:true\:true\:true
NVIC.UsageFault_IRQn=true\:0\:0\:false\:false\:true\:false\:false\:false\:false
PA0/WKUP.GPIOParameters=GPIO_Label
PA0/WKUP.GPIO_Label=CCD_AO
PA0/WKUP.Locked=true
PA0/WKUP.Signal=ADCx_IN0
PA1.Locked=true
PA1.Signal=S_TIM2_CH2
PA2.Locked=true
PA2.Signal=S_TIM2_CH3
PA3.Locked=true
PA3.Signal=S_TIM2_CH4
PA4.GPIOParameters=GPIO_Label
PA4.GPIO_Label=AD7606_RST_P2
PA4.Locked=true
PA4.Signal=GPIO_Output
PA5.GPIOParameters=GPIO_PuPd,GPIO_Label,GPIO_ModeDefaultEXTI
PA5.GPIO_Label=AD7606_BUSY_P1
PA5.GPIO_ModeDefaultEXTI=GPIO_MODE_IT_FALLING
PA5.GPIO_PuPd=GPIO_PULLUP
PA5.Locked=true
PA5.Signal=GPXTI5
PB1.GPIOParameters=GPIO_Label
PB1.GPIO_Label=qumiao_jiazi_di_M2
PB1.Locked=true
PB1.Signal=GPIO_Output
PB12.Locked=true
PB12.Mode=CAN_Activate
PB12.Signal=CAN2_RX
PB13.Locked=true
PB13.Mode=CAN_Activate
PB13.Signal=CAN2_TX
PB6.Mode=Asynchronous
PB6.Signal=USART1_TX
PB7.Mode=Asynchronous
PB7.Signal=USART1_RX
PC0.GPIOParameters=GPIO_Label
PC0.GPIO_Label=qumiao_jiazi_gao_N2
PC0.Locked=true
PC0.Signal=GPIO_Output
PC1.GPIOParameters=PinState,GPIO_Label
PC1.GPIO_Label=AD7606_CS_O2
PC1.Locked=true
PC1.PinState=GPIO_PIN_SET
PC1.Signal=GPIO_Output
PC10.Mode=Asynchronous
PC10.Signal=UART4_TX
PC11.Mode=Asynchronous
PC11.Signal=UART4_RX
PC2.GPIOParameters=GPIO_Label
PC2.GPIO_Label=qumiao_shengjiang_di_L1
PC2.Locked=true
PC2.Signal=GPIO_Output
PC3.GPIOParameters=GPIO_Label
PC3.GPIO_Label=qumiao_shengjiang_gao_M1
PC3.Locked=true
PC3.Signal=GPIO_Output
PC4.GPIOParameters=GPIO_Label
PC4.GPIO_Label=quqiu_jiazi_N1
PC4.Locked=true
PC4.Signal=GPIO_Output
PC5.GPIOParameters=GPIO_Label
PC5.GPIO_Label=AD7606_CVA_O1
PC5.Locked=true
PC5.Signal=GPIO_Output
PD0.Locked=true
PD0.Mode=CAN_Activate
PD0.Signal=CAN1_RX
PD1.Locked=true
PD1.Mode=CAN_Activate
PD1.Signal=CAN1_TX
PD14.Locked=true
PD14.Signal=S_TIM4_CH3
PD15.Locked=true
PD15.Signal=S_TIM4_CH4
PD5.Mode=Asynchronous
PD5.Signal=USART2_TX
PD6.Mode=Asynchronous
PD6.Signal=USART2_RX
PD8.Locked=true
PD8.Mode=Asynchronous
PD8.Signal=USART3_TX
PD9.Locked=true
PD9.Mode=Asynchronous
PD9.Signal=USART3_RX
PE0.Mode=Asynchronous
PE0.Signal=UART8_RX
PE1.Mode=Asynchronous
PE1.Signal=UART8_TX
PE12.Locked=true
PE12.Mode=Full_Duplex_Master
PE12.Signal=SPI4_SCK
PE5.Mode=Full_Duplex_Master
PE5.Signal=SPI4_MISO
PE6.Mode=Full_Duplex_Master
PE6.Signal=SPI4_MOSI
PE7.Locked=true
PE7.Mode=Asynchronous
PE7.Signal=UART7_RX
PE8.Locked=true
PE8.Mode=Asynchronous
PE8.Signal=UART7_TX
PF0.GPIOParameters=GPIO_PuPd,GPIO_Label
PF0.GPIO_Label=YUN_TAI_TONG_XIN_1_I1
PF0.GPIO_PuPd=GPIO_PULLDOWN
PF0.Locked=true
PF0.Signal=GPIO_Output
PF1.GPIOParameters=GPIO_PuPd,GPIO_Label
PF1.GPIO_Label=YUN_TAI_TONG_XIN_2_I2
PF1.GPIO_PuPd=GPIO_PULLDOWN
PF1.Locked=true
PF1.Signal=GPIO_Output
PG14.Mode=Asynchronous
PG14.Signal=USART6_TX
PG9.Mode=Asynchronous
PG9.Signal=USART6_RX
PH0/OSC_IN.Mode=HSE-External-Oscillator
PH0/OSC_IN.Signal=RCC_OSC_IN
PH1/OSC_OUT.Mode=HSE-External-Oscillator
PH1/OSC_OUT.Signal=RCC_OSC_OUT
PH10.GPIOParameters=GPIO_Label
PH10.GPIO_Label=qumiao_jiazi_duoji1_D
PH10.Signal=S_TIM5_CH1
PH11.GPIOParameters=GPIO_Label
PH11.GPIO_Label=qumiao_jiazi_duoji2_C
PH11.Signal=S_TIM5_CH2
PH12.GPIOParameters=GPIO_Label
PH12.GPIO_Label=fa_she_qiu_duoji_B
PH12.Signal=S_TIM5_CH3
PH2.GPIOParameters=GPIO_PuPd
PH2.GPIO_PuPd=GPIO_PULLDOWN
PH2.Locked=true
PH2.Signal=GPIO_Output
PH3.GPIOParameters=GPIO_PuPd
PH3.GPIO_PuPd=GPIO_PULLDOWN
PH3.Locked=true
PH3.Signal=GPIO_Output
PH4.GPIOParameters=GPIO_PuPd
PH4.GPIO_PuPd=GPIO_PULLDOWN
PH4.Locked=true
PH4.Signal=GPIO_Output
PH5.GPIOParameters=GPIO_PuPd
PH5.GPIO_PuPd=GPIO_PULLDOWN
PH5.Locked=true
PH5.Signal=GPIO_Output
PH6.Locked=true
PH6.Signal=S_TIM12_CH1
PI0.GPIOParameters=GPIO_Label
PI0.GPIO_Label=qu_qiu_duoji_A
PI0.Signal=S_TIM5_CH4
PI2.GPIOParameters=GPIO_PuPd,GPIO_Label
PI2.GPIO_Label=guang_dian_kai_guan_Z
PI2.GPIO_PuPd=GPIO_NOPULL
PI2.Locked=true
PI2.Signal=GPIO_Input
PI6.GPIOParameters=GPIO_Label
PI6.GPIO_Label=jiguang_duoji_1_X
PI6.Signal=S_TIM8_CH2
PI7.GPIOParameters=GPIO_Label
PI7.GPIO_Label=jiguang_duoji_2_Y
PI7.Locked=true
PI7.Signal=S_TIM8_CH3
PI9.GPIOParameters=GPIO_PuPd,GPIO_Label
PI9.GPIO_Label=chongzhi_gei_xia_cengQ2
PI9.GPIO_PuPd=GPIO_PULLDOWN
PI9.Locked=true
PI9.Signal=GPIO_Output
PinOutPanel.CurrentBGAView=Top
PinOutPanel.RotationAngle=0
ProjectManager.AskForMigrate=true
ProjectManager.BackupPrevious=false
ProjectManager.CompilerOptimize=6
ProjectManager.ComputerToolchain=false
ProjectManager.CoupleFile=false
ProjectManager.CustomerFirmwarePackage=
ProjectManager.DefaultFWLocation=true
ProjectManager.DeletePrevious=true
ProjectManager.DeviceId=STM32F427IIHx
ProjectManager.FirmwarePackage=STM32Cube FW_F4 V1.27.1
ProjectManager.FreePins=false
ProjectManager.HalAssertFull=false
ProjectManager.HeapSize=0x200
ProjectManager.KeepUserCode=true
ProjectManager.LastFirmware=true
ProjectManager.LibraryCopy=0
ProjectManager.MainLocation=Core/Src
ProjectManager.NoMain=false
ProjectManager.PreviousToolchain=
ProjectManager.ProjectBuild=false
ProjectManager.ProjectFileName=RTS_bare_metal.ioc
ProjectManager.ProjectName=RTS_bare_metal
ProjectManager.ProjectStructure=
ProjectManager.RegisterCallBack=
ProjectManager.StackSize=0x400
ProjectManager.TargetToolchain=EWARM V8.32
ProjectManager.ToolChainLocation=
ProjectManager.UAScriptAfterPath=
ProjectManager.UAScriptBeforePath=
ProjectManager.UnderRoot=false
ProjectManager.functionlistsort=1-SystemClock_Config-RCC-false-HAL-false,2-MX_GPIO_Init-GPIO-false-HAL-true,3-MX_CAN1_Init-CAN1-false-HAL-true,4-MX_CAN2_Init-CAN2-false-HAL-true,5-MX_UART7_Init-UART7-false-HAL-true,6-MX_UART8_Init-UART8-false-HAL-true,7-MX_USART1_UART_Init-USART1-false-HAL-true,8-MX_USART2_UART_Init-USART2-false-HAL-true,9-MX_USART3_UART_Init-USART3-false-HAL-true,10-MX_USART6_UART_Init-USART6-false-HAL-true,11-MX_TIM5_Init-TIM5-false-HAL-true,12-MX_UART4_Init-UART4-false-HAL-true,13-MX_ADC1_Init-ADC1-false-HAL-true,14-MX_SPI4_Init-SPI4-false-HAL-true,15-MX_TIM8_Init-TIM8-false-HAL-true
RCC.48MHZClocksFreq_Value=64000000
RCC.AHBFreq_Value=128000000
RCC.APB1CLKDivider=RCC_HCLK_DIV4
RCC.APB1Freq_Value=32000000
RCC.APB1TimFreq_Value=64000000
RCC.APB2CLKDivider=RCC_HCLK_DIV2
RCC.APB2Freq_Value=64000000
RCC.APB2TimFreq_Value=128000000
RCC.CortexFreq_Value=128000000
RCC.EthernetFreq_Value=128000000
RCC.FCLKCortexFreq_Value=128000000
RCC.FamilyName=M
RCC.HCLKFreq_Value=128000000
RCC.HSE_VALUE=12000000
RCC.HSI_VALUE=16000000
RCC.I2SClocksFreq_Value=192000000
RCC.IPParameters=48MHZClocksFreq_Value,AHBFreq_Value,APB1CLKDivider,APB1Freq_Value,APB1TimFreq_Value,APB2CLKDivider,APB2Freq_Value,APB2TimFreq_Value,CortexFreq_Value,EthernetFreq_Value,FCLKCortexFreq_Value,FamilyName,HCLKFreq_Value,HSE_VALUE,HSI_VALUE,I2SClocksFreq_Value,LSE_VALUE,LSI_VALUE,MCO2PinFreq_Value,PLLCLKFreq_Value,PLLM,PLLN,PLLQCLKFreq_Value,PLLSourceVirtual,RTCFreq_Value,RTCHSEDivFreq_Value,SAI_AClocksFreq_Value,SAI_BClocksFreq_Value,SYSCLKFreq_VALUE,SYSCLKSource,VCOI2SOutputFreq_Value,VCOInputFreq_Value,VCOOutputFreq_Value,VCOSAIOutputFreq_Value,VCOSAIOutputFreq_ValueQ,VcooutputI2S,VcooutputI2SQ
RCC.LSE_VALUE=32768
RCC.LSI_VALUE=32000
RCC.MCO2PinFreq_Value=128000000
RCC.PLLCLKFreq_Value=128000000
RCC.PLLM=6
RCC.PLLN=128
RCC.PLLQCLKFreq_Value=64000000
RCC.PLLSourceVirtual=RCC_PLLSOURCE_HSE
RCC.RTCFreq_Value=32000
RCC.RTCHSEDivFreq_Value=6000000
RCC.SAI_AClocksFreq_Value=24500000
RCC.SAI_BClocksFreq_Value=24500000
RCC.SYSCLKFreq_VALUE=128000000
RCC.SYSCLKSource=RCC_SYSCLKSOURCE_PLLCLK
RCC.VCOI2SOutputFreq_Value=384000000
RCC.VCOInputFreq_Value=2000000
RCC.VCOOutputFreq_Value=256000000
RCC.VCOSAIOutputFreq_Value=98000000
RCC.VCOSAIOutputFreq_ValueQ=24500000
RCC.VcooutputI2S=192000000
RCC.VcooutputI2SQ=192000000
SH.ADCx_IN0.0=ADC1_IN0,IN0
SH.ADCx_IN0.ConfNb=1
SH.GPXTI5.0=GPIO_EXTI5
SH.GPXTI5.ConfNb=1
SH.S_TIM12_CH1.0=TIM12_CH1
SH.S_TIM12_CH1.ConfNb=1
SH.S_TIM2_CH2.0=TIM2_CH2
SH.S_TIM2_CH2.ConfNb=1
SH.S_TIM2_CH3.0=TIM2_CH3
SH.S_TIM2_CH3.ConfNb=1
SH.S_TIM2_CH4.0=TIM2_CH4
SH.S_TIM2_CH4.ConfNb=1
SH.S_TIM4_CH3.0=TIM4_CH3
SH.S_TIM4_CH3.ConfNb=1
SH.S_TIM4_CH4.0=TIM4_CH4
SH.S_TIM4_CH4.ConfNb=1
SH.S_TIM5_CH1.0=TIM5_CH1,PWM Generation1 CH1
SH.S_TIM5_CH1.ConfNb=1
SH.S_TIM5_CH2.0=TIM5_CH2,PWM Generation2 CH2
SH.S_TIM5_CH2.ConfNb=1
SH.S_TIM5_CH3.0=TIM5_CH3,PWM Generation3 CH3
SH.S_TIM5_CH3.ConfNb=1
SH.S_TIM5_CH4.0=TIM5_CH4,PWM Generation4 CH4
SH.S_TIM5_CH4.ConfNb=1
SH.S_TIM8_CH2.0=TIM8_CH2,PWM Generation2 CH2
SH.S_TIM8_CH2.ConfNb=1
SH.S_TIM8_CH3.0=TIM8_CH3,PWM Generation3 CH3
SH.S_TIM8_CH3.ConfNb=1
SPI4.CLKPolarity=SPI_POLARITY_HIGH
SPI4.CalculateBaudRate=32.0 MBits/s
SPI4.DataSize=SPI_DATASIZE_16BIT
SPI4.Direction=SPI_DIRECTION_2LINES
SPI4.IPParameters=VirtualType,Mode,Direction,CalculateBaudRate,DataSize,CLKPolarity
SPI4.Mode=SPI_MODE_MASTER
SPI4.VirtualType=VM_MASTER
TIM5.Channel-PWM\ Generation1\ CH1=TIM_CHANNEL_1
TIM5.Channel-PWM\ Generation2\ CH2=TIM_CHANNEL_2
TIM5.Channel-PWM\ Generation3\ CH3=TIM_CHANNEL_3
TIM5.Channel-PWM\ Generation4\ CH4=TIM_CHANNEL_4
TIM5.IPParameters=Prescaler,Period,Channel-PWM Generation4 CH4,Pulse-PWM Generation4 CH4,Channel-PWM Generation3 CH3,Pulse-PWM Generation3 CH3,Channel-PWM Generation2 CH2,Pulse-PWM Generation2 CH2,Channel-PWM Generation1 CH1,Pulse-PWM Generation1 CH1
TIM5.Period=39999
TIM5.Prescaler=31
TIM5.Pulse-PWM\ Generation1\ CH1=1750
TIM5.Pulse-PWM\ Generation2\ CH2=3600
TIM5.Pulse-PWM\ Generation3\ CH3=1000
TIM5.Pulse-PWM\ Generation4\ CH4=1000
TIM8.Channel-PWM\ Generation2\ CH2=TIM_CHANNEL_2
TIM8.Channel-PWM\ Generation3\ CH3=TIM_CHANNEL_3
TIM8.IPParameters=Channel-PWM Generation3 CH3,Channel-PWM Generation2 CH2,Period,Prescaler,Pulse-PWM Generation2 CH2,Pulse-PWM Generation3 CH3
TIM8.Period=2000-1
TIM8.Prescaler=1280-1
TIM8.Pulse-PWM\ Generation2\ CH2=113
TIM8.Pulse-PWM\ Generation3\ CH3=145
UART4.IPParameters=VirtualMode
UART4.VirtualMode=Asynchronous
UART7.IPParameters=VirtualMode
UART7.VirtualMode=Asynchronous
UART8.BaudRate=115200
UART8.IPParameters=VirtualMode,BaudRate
UART8.VirtualMode=Asynchronous
USART1.BaudRate=100000
USART1.IPParameters=VirtualMode,Mode,BaudRate,StopBits
USART1.Mode=MODE_RX
USART1.StopBits=STOPBITS_2
USART1.VirtualMode=VM_ASYNC
USART2.BaudRate=9600
USART2.IPParameters=VirtualMode,BaudRate
USART2.VirtualMode=VM_ASYNC
USART3.BaudRate=115200
USART3.IPParameters=VirtualMode,BaudRate
USART3.VirtualMode=VM_ASYNC
USART6.BaudRate=4000000
USART6.IPParameters=VirtualMode,BaudRate,Mode
USART6.Mode=MODE_TX_RX
USART6.VirtualMode=VM_ASYNC
VP_FREERTOS_VS_CMSIS_V2.Mode=CMSIS_V2
VP_FREERTOS_VS_CMSIS_V2.Signal=FREERTOS_VS_CMSIS_V2
VP_SYS_VS_Systick.Mode=SysTick
VP_SYS_VS_Systick.Signal=SYS_VS_Systick
board=custom
rtos.0.ip=FREERTOS
